
Microsoft Visual Studio Solution File, Format Version 12.00
# Visual Studio Version 17
VisualStudioVersion = 17.5.33530.505
MinimumVisualStudioVersion = 10.0.40219.1
Project("{FAE04EC0-301F-11D3-BF4B-00C04F79EFBC}") = "BusTrips", "BusTrips\BusTrips.csproj", "{FEAC59D5-F26D-4853-AD8C-424B4E01456B}"
EndProject
Global
	GlobalSection(SolutionConfigurationPlatforms) = preSolution
		Debug|Any CPU = Debug|Any CPU
		Release|Any CPU = Release|Any CPU
	EndGlobalSection
	GlobalSection(ProjectConfigurationPlatforms) = postSolution
		{FEAC59D5-F26D-4853-AD8C-424B4E01456B}.Debug|Any CPU.ActiveCfg = Debug|Any CPU
		{FEAC59D5-F26D-4853-AD8C-424B4E01456B}.Debug|Any CPU.Build.0 = Debug|Any CPU
		{FEAC59D5-F26D-4853-AD8C-424B4E01456B}.Release|Any CPU.ActiveCfg = Release|Any CPU
		{FEAC59D5-F26D-4853-AD8C-424B4E01456B}.Release|Any CPU.Build.0 = Release|Any CPU
	EndGlobalSection
	GlobalSection(SolutionProperties) = preSolution
		HideSolutionNode = FALSE
	EndGlobalSection
	GlobalSection(ExtensibilityGlobals) = postSolution
		SolutionGuid = {F08D6D7D-5E76-478E-9DBC-A39696653D7C}
	EndGlobalSection
EndGlobal
